// !$*UTF8*$!
{
	archiveVersion = 1;
	classes = {
	};
	objectVersion = 48;
	objects = {

/* Begin PBXBuildFile section */
		381744341F19110A003457F8 /* AppDelegate.swift in Sources */ = {isa = PBXBuildFile; fileRef = 381744331F19110A003457F8 /* AppDelegate.swift */; };
		381744361F19110A003457F8 /* ViewController.swift in Sources */ = {isa = PBXBuildFile; fileRef = 381744351F19110A003457F8 /* ViewController.swift */; };
		381744391F19110A003457F8 /* Main.storyboard in Resources */ = {isa = PBXBuildFile; fileRef = 381744371F19110A003457F8 /* Main.storyboard */; };
		3817443B1F19110A003457F8 /* Assets.xcassets in Resources */ = {isa = PBXBuildFile; fileRef = 3817443A1F19110A003457F8 /* Assets.xcassets */; };
		3817443E1F19110A003457F8 /* LaunchScreen.storyboard in Resources */ = {isa = PBXBuildFile; fileRef = 3817443C1F19110A003457F8 /* LaunchScreen.storyboard */; };
		381744491F19110A003457F8 /* IG_demoTests.swift in Sources */ = {isa = PBXBuildFile; fileRef = 381744481F19110A003457F8 /* IG_demoTests.swift */; };
		381744541F19110B003457F8 /* IG_demoUITests.swift in Sources */ = {isa = PBXBuildFile; fileRef = 381744531F19110B003457F8 /* IG_demoUITests.swift */; };
/* End PBXBuildFile section */

/* Begin PBXContainerItemProxy section */
		381744451F19110A003457F8 /* PBXContainerItemProxy */ = {
			isa = PBXContainerItemProxy;
			containerPortal = 381744281F19110A003457F8 /* Project object */;
			proxyType = 1;
			remoteGlobalIDString = 3817442F1F19110A003457F8;
			remoteInfo = "IG demo";
		};
		381744501F19110B003457F8 /* PBXContainerItemProxy */ = {
			isa = PBXContainerItemProxy;
			containerPortal = 381744281F19110A003457F8 /* Project object */;
			proxyType = 1;
			remoteGlobalIDString = 3817442F1F19110A003457F8;
			remoteInfo = "IG demo";
		};
/* End PBXContainerItemProxy section */

/* Begin PBXFileReference section */
		381744301F19110A003457F8 /* IG demo.app */ = {isa = PBXFileReference; explicitFileType = wrapper.application; includeInIndex = 0; path = "IG demo.app"; sourceTree = BUILT_PRODUCTS_DIR; };
		381744331F19110A003457F8 /* AppDelegate.swift */ = {isa = PBXFileReference; lastKnownFileType = sourcecode.swift; path = AppDelegate.swift; sourceTree = "<group>"; };
		381744351F19110A003457F8 /* ViewController.swift */ = {isa = PBXFileReference; lastKnownFileType = sourcecode.swift; path = ViewController.swift; sourceTree = "<group>"; };
		381744381F19110A003457F8 /* Base */ = {isa = PBXFileReference; lastKnownFileType = file.storyboard; name = Base; path = Base.lproj/Main.storyboard; sourceTree = "<group>"; };
		3817443A1F19110A003457F8 /* Assets.xcassets */ = {isa = PBXFileReference; lastKnownFileType = folder.assetcatalog; path = Assets.xcassets; sourceTree = "<group>"; };
		3817443D1F19110A003457F8 /* Base */ = {isa = PBXFileReference; lastKnownFileType = file.storyboard; name = Base; path = Base.lproj/LaunchScreen.storyboard; sourceTree = "<group>"; };
		3817443F1F19110A003457F8 /* Info.plist */ = {isa = PBXFileReference; lastKnownFileType = text.plist.xml; path = Info.plist; sourceTree = "<group>"; };
		381744441F19110A003457F8 /* IG demoTests.xctest */ = {isa = PBXFileReference; explicitFileType = wrapper.cfbundle; includeInIndex = 0; path = "IG demoTests.xctest"; sourceTree = BUILT_PRODUCTS_DIR; };
		381744481F19110A003457F8 /* IG_demoTests.swift */ = {isa = PBXFileReference; lastKnownFileType = sourcecode.swift; path = IG_demoTests.swift; sourceTree = "<group>"; };
		3817444A1F19110A003457F8 /* Info.plist */ = {isa = PBXFileReference; lastKnownFileType = text.plist.xml; path = Info.plist; sourceTree = "<group>"; };
		3817444F1F19110B003457F8 /* IG demoUITests.xctest */ = {isa = PBXFileReference; explicitFileType = wrapper.cfbundle; includeInIndex = 0; path = "IG demoUITests.xctest"; sourceTree = BUILT_PRODUCTS_DIR; };
		381744531F19110B003457F8 /* IG_demoUITests.swift */ = {isa = PBXFileReference; lastKnownFileType = sourcecode.swift; path = IG_demoUITests.swift; sourceTree = "<group>"; };
		381744551F19110B003457F8 /* Info.plist */ = {isa = PBXFileReference; lastKnownFileType = text.plist.xml; path = Info.plist; sourceTree = "<group>"; };
/* End PBXFileReference section */

/* Begin PBXFrameworksBuildPhase section */
		3817442D1F19110A003457F8 /* Frameworks */ = {
			isa = PBXFrameworksBuildPhase;
			buildActionMask = 2147483647;
			files = (
			);
			runOnlyForDeploymentPostprocessing = 0;
		};
		381744411F19110A003457F8 /* Frameworks */ = {
			isa = PBXFrameworksBuildPhase;
			buildActionMask = 2147483647;
			files = (
			);
			runOnlyForDeploymentPostprocessing = 0;
		};
		3817444C1F19110B003457F8 /* Frameworks */ = {
			isa = PBXFrameworksBuildPhase;
			buildActionMask = 2147483647;
			files = (
			);
			runOnlyForDeploymentPostprocessing = 0;
		};
/* End PBXFrameworksBuildPhase section */

/* Begin PBXGroup section */
		381744271F19110A003457F8 = {
			isa = PBXGroup;
			children = (
				381744321F19110A003457F8 /* IG demo */,
				381744471F19110A003457F8 /* IG demoTests */,
				381744521F19110B003457F8 /* IG demoUITests */,
				381744311F19110A003457F8 /* Products */,
			);
			sourceTree = "<group>";
		};
		381744311F19110A003457F8 /* Products */ = {
			isa = PBXGroup;
			children = (
				381744301F19110A003457F8 /* IG demo.app */,
				381744441F19110A003457F8 /* IG demoTests.xctest */,
				3817444F1F19110B003457F8 /* IG demoUITests.xctest */,
			);
			name = Products;
			sourceTree = "<group>";
		};
		381744321F19110A003457F8 /* IG demo */ = {
			isa = PBXGroup;
			children = (
				381744331F19110A003457F8 /* AppDelegate.swift */,
				381744351F19110A003457F8 /* ViewController.swift */,
				381744371F19110A003457F8 /* Main.storyboard */,
				3817443A1F19110A003457F8 /* Assets.xcassets */,
				3817443C1F19110A003457F8 /* LaunchScreen.storyboard */,
				3817443F1F19110A003457F8 /* Info.plist */,
			);
			path = "IG demo";
			sourceTree = "<group>";
		};
		381744471F19110A003457F8 /* IG demoTests */ = {
			isa = PBXGroup;
			children = (
				381744481F19110A003457F8 /* IG_demoTests.swift */,
				3817444A1F19110A003457F8 /* Info.plist */,
			);
			path = "IG demoTests";
			sourceTree = "<group>";
		};
		381744521F19110B003457F8 /* IG demoUITests */ = {
			isa = PBXGroup;
			children = (
				381744531F19110B003457F8 /* IG_demoUITests.swift */,
				381744551F19110B003457F8 /* Info.plist */,
			);
			path = "IG demoUITests";
			sourceTree = "<group>";
		};
/* End PBXGroup section */

/* Begin PBXNativeTarget section */
		3817442F1F19110A003457F8 /* IG demo */ = {
			isa = PBXNativeTarget;
			buildConfigurationList = 381744581F19110B003457F8 /* Build configuration list for PBXNativeTarget "IG demo" */;
			buildPhases = (
				3817442C1F19110A003457F8 /* Sources */,
				3817442D1F19110A003457F8 /* Frameworks */,
				3817442E1F19110A003457F8 /* Resources */,
			);
			buildRules = (
			);
			dependencies = (
			);
			name = "IG demo";
			productName = "IG demo";
			productReference = 381744301F19110A003457F8 /* IG demo.app */;
			productType = "com.apple.product-type.application";
		};
		381744431F19110A003457F8 /* IG demoTests */ = {
			isa = PBXNativeTarget;
			buildConfigurationList = 3817445B1F19110B003457F8 /* Build configuration list for PBXNativeTarget "IG demoTests" */;
			buildPhases = (
				381744401F19110A003457F8 /* Sources */,
				381744411F19110A003457F8 /* Frameworks */,
				381744421F19110A003457F8 /* Resources */,
			);
			buildRules = (
			);
			dependencies = (
				381744461F19110A003457F8 /* PBXTargetDependency */,
			);
			name = "IG demoTests";
			productName = "IG demoTests";
			productReference = 381744441F19110A003457F8 /* IG demoTests.xctest */;
			productType = "com.apple.product-type.bundle.unit-test";
		};
		3817444E1F19110B003457F8 /* IG demoUITests */ = {
			isa = PBXNativeTarget;
			buildConfigurationList = 3817445E1F19110B003457F8 /* Build configuration list for PBXNativeTarget "IG demoUITests" */;
			buildPhases = (
				3817444B1F19110B003457F8 /* Sources */,
				3817444C1F19110B003457F8 /* Frameworks */,
				3817444D1F19110B003457F8 /* Resources */,
			);
			buildRules = (
			);
			dependencies = (
				381744511F19110B003457F8 /* PBXTargetDependency */,
			);
			name = "IG demoUITests";
			productName = "IG demoUITests";
			productReference = 3817444F1F19110B003457F8 /* IG demoUITests.xctest */;
			productType = "com.apple.product-type.bundle.ui-testing";
		};
/* End PBXNativeTarget section */

/* Begin PBXProject section */
		381744281F19110A003457F8 /* Project object */ = {
			isa = PBXProject;
			attributes = {
				LastSwiftUpdateCheck = 0900;
				LastUpgradeCheck = 0900;
				ORGANIZATIONNAME = "施馨檸";
				TargetAttributes = {
					3817442F1F19110A003457F8 = {
						CreatedOnToolsVersion = 9.0;
					};
					381744431F19110A003457F8 = {
						CreatedOnToolsVersion = 9.0;
						TestTargetID = 3817442F1F19110A003457F8;
					};
					3817444E1F19110B003457F8 = {
						CreatedOnToolsVersion = 9.0;
						TestTargetID = 3817442F1F19110A003457F8;
					};
				};
			};
			buildConfigurationList = 3817442B1F19110A003457F8 /* Build configuration list for PBXProject "IG demo" */;
			compatibilityVersion = "Xcode 8.0";
			developmentRegion = en;
			hasScannedForEncodings = 0;
			knownRegions = (
				en,
				Base,
			);
			mainGroup = 381744271F19110A003457F8;
			productRefGroup = 381744311F19110A003457F8 /* Products */;
			projectDirPath = "";
			projectRoot = "";
			targets = (
				3817442F1F19110A003457F8 /* IG demo */,
				381744431F19110A003457F8 /* IG demoTests */,
				3817444E1F19110B003457F8 /* IG demoUITests */,
			);
		};
/* End PBXProject section */

/* Begin PBXResourcesBuildPhase section */
		3817442E1F19110A003457F8 /* Resources */ = {
			isa = PBXResourcesBuildPhase;
			buildActionMask = 2147483647;
			files = (
				3817443E1F19110A003457F8 /* LaunchScreen.storyboard in Resources */,
				3817443B1F19110A003457F8 /* Assets.xcassets in Resources */,
				381744391F19110A003457F8 /* Main.storyboard in Resources */,
			);
			runOnlyForDeploymentPostprocessing = 0;
		};
		381744421F19110A003457F8 /* Resources */ = {
			isa = PBXResourcesBuildPhase;
			buildActionMask = 2147483647;
			files = (
			);
			runOnlyForDeploymentPostprocessing = 0;
		};
		3817444D1F19110B003457F8 /* Resources */ = {
			isa = PBXResourcesBuildPhase;
			buildActionMask = 2147483647;
			files = (
			);
			runOnlyForDeploymentPostprocessing = 0;
		};
/* End PBXResourcesBuildPhase section */

/* Begin PBXSourcesBuildPhase section */
		3817442C1F19110A003457F8 /* Sources */ = {
			isa = PBXSourcesBuildPhase;
			buildActionMask = 2147483647;
			files = (
				381744361F19110A003457F8 /* ViewController.swift in Sources */,
				381744341F19110A003457F8 /* AppDelegate.swift in Sources */,
			);
			runOnlyForDeploymentPostprocessing = 0;
		};
		381744401F19110A003457F8 /* Sources */ = {
			isa = PBXSourcesBuildPhase;
			buildActionMask = 2147483647;
			files = (
				381744491F19110A003457F8 /* IG_demoTests.swift in Sources */,
			);
			runOnlyForDeploymentPostprocessing = 0;
		};
		3817444B1F19110B003457F8 /* Sources */ = {
			isa = PBXSourcesBuildPhase;
			buildActionMask = 2147483647;
			files = (
				381744541F19110B003457F8 /* IG_demoUITests.swift in Sources */,
			);
			runOnlyForDeploymentPostprocessing = 0;
		};
/* End PBXSourcesBuildPhase section */

/* Begin PBXTargetDependency section */
		381744461F19110A003457F8 /* PBXTargetDependency */ = {
			isa = PBXTargetDependency;
			target = 3817442F1F19110A003457F8 /* IG demo */;
			targetProxy = 381744451F19110A003457F8 /* PBXContainerItemProxy */;
		};
		381744511F19110B003457F8 /* PBXTargetDependency */ = {
			isa = PBXTargetDependency;
			target = 3817442F1F19110A003457F8 /* IG demo */;
			targetProxy = 381744501F19110B003457F8 /* PBXContainerItemProxy */;
		};
/* End PBXTargetDependency section */

/* Begin PBXVariantGroup section */
		381744371F19110A003457F8 /* Main.storyboard */ = {
			isa = PBXVariantGroup;
			children = (
				381744381F19110A003457F8 /* Base */,
			);
			name = Main.storyboard;
			sourceTree = "<group>";
		};
		3817443C1F19110A003457F8 /* LaunchScreen.storyboard */ = {
			isa = PBXVariantGroup;
			children = (
				3817443D1F19110A003457F8 /* Base */,
			);
			name = LaunchScreen.storyboard;
			sourceTree = "<group>";
		};
/* End PBXVariantGroup section */

/* Begin XCBuildConfiguration section */
		381744561F19110B003457F8 /* Debug */ = {
			isa = XCBuildConfiguration;
			buildSettings = {
				ALWAYS_SEARCH_USER_PATHS = NO;
				CLANG_ANALYZER_NONNULL = YES;
				CLANG_ANALYZER_NUMBER_OBJECT_CONVERSION = YES_AGGRESSIVE;
				CLANG_CXX_LANGUAGE_STANDARD = "gnu++14";
				CLANG_CXX_LIBRARY = "libc++";
				CLANG_ENABLE_MODULES = YES;
				CLANG_ENABLE_OBJC_ARC = YES;
				CLANG_WARN_BLOCK_CAPTURE_AUTORELEASING = YES;
				CLANG_WARN_BOOL_CONVERSION = YES;
				CLANG_WARN_COMMA = YES;
				CLANG_WARN_CONSTANT_CONVERSION = YES;
				CLANG_WARN_DIRECT_OBJC_ISA_USAGE = YES_ERROR;
				CLANG_WARN_DOCUMENTATION_COMMENTS = YES;
				CLANG_WARN_EMPTY_BODY = YES;
				CLANG_WARN_ENUM_CONVERSION = YES;
				CLANG_WARN_INFINITE_RECURSION = YES;
				CLANG_WARN_INT_CONVERSION = YES;
				CLANG_WARN_OBJC_ROOT_CLASS = YES_ERROR;
				CLANG_WARN_RANGE_LOOP_ANALYSIS = YES;
				CLANG_WARN_STRICT_PROTOTYPES = YES;
				CLANG_WARN_SUSPICIOUS_MOVE = YES;
				CLANG_WARN_UNGUARDED_AVAILABILITY = YES_AGGRESSIVE;
				CLANG_WARN_UNREACHABLE_CODE = YES;
				CLANG_WARN__DUPLICATE_METHOD_MATCH = YES;
				CODE_SIGN_IDENTITY = "iPhone Developer";
				COPY_PHASE_STRIP = NO;
				DEBUG_INFORMATION_FORMAT = dwarf;
				ENABLE_STRICT_OBJC_MSGSEND = YES;
				ENABLE_TESTABILITY = YES;
				GCC_C_LANGUAGE_STANDARD = gnu11;
				GCC_DYNAMIC_NO_PIC = NO;
				GCC_NO_COMMON_BLOCKS = YES;
				GCC_OPTIMIZATION_LEVEL = 0;
				GCC_PREPROCESSOR_DEFINITIONS = (
					"DEBUG=1",
					"$(inherited)",
				);
				GCC_WARN_64_TO_32_BIT_CONVERSION = YES;
				GCC_WARN_ABOUT_RETURN_TYPE = YES_ERROR;
				GCC_WARN_UNDECLARED_SELECTOR = YES;
				GCC_WARN_UNINITIALIZED_AUTOS = YES_AGGRESSIVE;
				GCC_WARN_UNUSED_FUNCTION = YES;
				GCC_WARN_UNUSED_VARIABLE = YES;
				IPHONEOS_DEPLOYMENT_TARGET = 11.0;
				MTL_ENABLE_DEBUG_INFO = YES;
				ONLY_ACTIVE_ARCH = YES;
				SDKROOT = iphoneos;
				SWIFT_ACTIVE_COMPILATION_CONDITIONS = DEBUG;
				SWIFT_OPTIMIZATION_LEVEL = "-Onone";
			};
			name = Debug;
		};
		381744571F19110B003457F8 /* Release */ = {
			isa = XCBuildConfiguration;
			buildSettings = {
				ALWAYS_SEARCH_USER_PATHS = NO;
				CLANG_ANALYZER_NONNULL = YES;
				CLANG_ANALYZER_NUMBER_OBJECT_CONVERSION = YES_AGGRESSIVE;
				CLANG_CXX_LANGUAGE_STANDARD = "gnu++14";
				CLANG_CXX_LIBRARY = "libc++";
				CLANG_ENABLE_MODULES = YES;
				CLANG_ENABLE_OBJC_ARC = YES;
				CLANG_WARN_BLOCK_CAPTURE_AUTORELEASING = YES;
				CLANG_WARN_BOOL_CONVERSION = YES;
				CLANG_WARN_COMMA = YES;
				CLANG_WARN_CONSTANT_CONVERSION = YES;
				CLANG_WARN_DIRECT_OBJC_ISA_USAGE = YES_ERROR;
				CLANG_WARN_DOCUMENTATION_COMMENTS = YES;
				CLANG_WARN_EMPTY_BODY = YES;
				CLANG_WARN_ENUM_CONVERSION = YES;
				CLANG_WARN_INFINITE_RECURSION = YES;
				CLANG_WARN_INT_CONVERSION = YES;
				CLANG_WARN_OBJC_ROOT_CLASS = YES_ERROR;
				CLANG_WARN_RANGE_LOOP_ANALYSIS = YES;
				CLANG_WARN_STRICT_PROTOTYPES = YES;
				CLANG_WARN_SUSPICIOUS_MOVE = YES;
				CLANG_WARN_UNGUARDED_AVAILABILITY = YES_AGGRESSIVE;
				CLANG_WARN_UNREACHABLE_CODE = YES;
				CLANG_WARN__DUPLICATE_METHOD_MATCH = YES;
				CODE_SIGN_IDENTITY = "iPhone Developer";
				COPY_PHASE_STRIP = NO;
				DEBUG_INFORMATION_FORMAT = "dwarf-with-dsym";
				ENABLE_NS_ASSERTIONS = NO;
				ENABLE_STRICT_OBJC_MSGSEND = YES;
				GCC_C_LANGUAGE_STANDARD = gnu11;
				GCC_NO_COMMON_BLOCKS = YES;
				GCC_WARN_64_TO_32_BIT_CONVERSION = YES;
				GCC_WARN_ABOUT_RETURN_TYPE = YES_ERROR;
				GCC_WARN_UNDECLARED_SELECTOR = YES;
				GCC_WARN_UNINITIALIZED_AUTOS = YES_AGGRESSIVE;
				GCC_WARN_UNUSED_FUNCTION = YES;
				GCC_WARN_UNUSED_VARIABLE = YES;
				IPHONEOS_DEPLOYMENT_TARGET = 11.0;
				MTL_ENABLE_DEBUG_INFO = NO;
				SDKROOT = iphoneos;
				SWIFT_OPTIMIZATION_LEVEL = "-Owholemodule";
				VALIDATE_PRODUCT = YES;
			};
			name = Release;
		};
		381744591F19110B003457F8 /* Debug */ = {
			isa = XCBuildConfiguration;
			buildSettings = {
				ASSETCATALOG_COMPILER_APPICON_NAME = AppIcon;
				INFOPLIST_FILE = "IG demo/Info.plist";
				LD_RUNPATH_SEARCH_PATHS = "$(inherited) @executable_path/Frameworks";
				PRODUCT_BUNDLE_IDENTIFIER = "ning.IG-demo";
				PRODUCT_NAME = "$(TARGET_NAME)";
				SWIFT_VERSION = 4.0;
				TARGETED_DEVICE_FAMILY = "1,2";
			};
			name = Debug;
		};
		3817445A1F19110B003457F8 /* Release */ = {
			isa = XCBuildConfiguration;
			buildSettings = {
				ASSETCATALOG_COMPILER_APPICON_NAME = AppIcon;
				INFOPLIST_FILE = "IG demo/Info.plist";
				LD_RUNPATH_SEARCH_PATHS = "$(inherited) @executable_path/Frameworks";
				PRODUCT_BUNDLE_IDENTIFIER = "ning.IG-demo";
				PRODUCT_NAME = "$(TARGET_NAME)";
				SWIFT_VERSION = 4.0;
				TARGETED_DEVICE_FAMILY = "1,2";
			};
			name = Release;
		};
		3817445C1F19110B003457F8 /* Debug */ = {
			isa = XCBuildConfiguration;
			buildSettings = {
				ALWAYS_EMBED_SWIFT_STANDARD_LIBRARIES = YES;
				BUNDLE_LOADER = "$(TEST_HOST)";
				INFOPLIST_FILE = "IG demoTests/Info.plist";
				LD_RUNPATH_SEARCH_PATHS = "$(inherited) @executable_path/Frameworks @loader_path/Frameworks";
				PRODUCT_BUNDLE_IDENTIFIER = "ning.IG-demoTests";
				PRODUCT_NAME = "$(TARGET_NAME)";
				SWIFT_VERSION = 4.0;
				TARGETED_DEVICE_FAMILY = "1,2";
				TEST_HOST = "$(BUILT_PRODUCTS_DIR)/IG demo.app/IG demo";
			};
			name = Debug;
		};
		3817445D1F19110B003457F8 /* Release */ = {
			isa = XCBuildConfiguration;
			buildSettings = {
				ALWAYS_EMBED_SWIFT_STANDARD_LIBRARIES = YES;
				BUNDLE_LOADER = "$(TEST_HOST)";
				INFOPLIST_FILE = "IG demoTests/Info.plist";
				LD_RUNPATH_SEARCH_PATHS = "$(inherited) @executable_path/Frameworks @loader_path/Frameworks";
				PRODUCT_BUNDLE_IDENTIFIER = "ning.IG-demoTests";
				PRODUCT_NAME = "$(TARGET_NAME)";
				SWIFT_VERSION = 4.0;
				TARGETED_DEVICE_FAMILY = "1,2";
				TEST_HOST = "$(BUILT_PRODUCTS_DIR)/IG demo.app/IG demo";
			};
			name = Release;
		};
		3817445F1F19110B003457F8 /* Debug */ = {
			isa = XCBuildConfiguration;
			buildSettings = {
				ALWAYS_EMBED_SWIFT_STANDARD_LIBRARIES = YES;
				INFOPLIST_FILE = "IG demoUITests/Info.plist";
				LD_RUNPATH_SEARCH_PATHS = "$(inherited) @executable_path/Frameworks @loader_path/Frameworks";
				PRODUCT_BUNDLE_IDENTIFIER = "ning.IG-demoUITests";
				PRODUCT_NAME = "$(TARGET_NAME)";
				SWIFT_VERSION = 4.0;
				TARGETED_DEVICE_FAMILY = "1,2";
				TEST_TARGET_NAME = "IG demo";
			};
			name = Debug;
		};
		381744601F19110B003457F8 /* Release */ = {
			isa = XCBuildConfiguration;
			buildSettings = {
				ALWAYS_EMBED_SWIFT_STANDARD_LIBRARIES = YES;
				INFOPLIST_FILE = "IG demoUITests/Info.plist";
				LD_RUNPATH_SEARCH_PATHS = "$(inherited) @executable_path/Frameworks @loader_path/Frameworks";
				PRODUCT_BUNDLE_IDENTIFIER = "ning.IG-demoUITests";
				PRODUCT_NAME = "$(TARGET_NAME)";
				SWIFT_VERSION = 4.0;
				TARGETED_DEVICE_FAMILY = "1,2";
				TEST_TARGET_NAME = "IG demo";
			};
			name = Release;
		};
/* End XCBuildConfiguration section */

/* Begin XCConfigurationList section */
		3817442B1F19110A003457F8 /* Build configuration list for PBXProject "IG demo" */ = {
			isa = XCConfigurationList;
			buildConfigurations = (
				381744561F19110B003457F8 /* Debug */,
				381744571F19110B003457F8 /* Release */,
			);
			defaultConfigurationIsVisible = 0;
			defaultConfigurationName = Release;
		};
		381744581F19110B003457F8 /* Build configuration list for PBXNativeTarget "IG demo" */ = {
			isa = XCConfigurationList;
			buildConfigurations = (
				381744591F19110B003457F8 /* Debug */,
				3817445A1F19110B003457F8 /* Release */,
			);
			defaultConfigurationIsVisible = 0;
		};
		3817445B1F19110B003457F8 /* Build configuration list for PBXNativeTarget "IG demoTests" */ = {
			isa = XCConfigurationList;
			buildConfigurations = (
				3817445C1F19110B003457F8 /* Debug */,
				3817445D1F19110B003457F8 /* Release */,
			);
			defaultConfigurationIsVisible = 0;
		};
		3817445E1F19110B003457F8 /* Build configuration list for PBXNativeTarget "IG demoUITests" */ = {
			isa = XCConfigurationList;
			buildConfigurations = (
				3817445F1F19110B003457F8 /* Debug */,
				381744601F19110B003457F8 /* Release */,
			);
			defaultConfigurationIsVisible = 0;
		};
/* End XCConfigurationList section */
	};
	rootObject = 381744281F19110A003457F8 /* Project object */;
}
